
Microsoft Visual Studio Solution File, Format Version 12.00
# Visual Studio Version 16
VisualStudioVersion = 16.0.29709.97
MinimumVisualStudioVersion = 10.0.40219.1
Project("{9A19103F-16F7-4668-BE54-9A1E7A4F7556}") = "LumberLiquidators", "EX 9B Password Hashing and Authentication\LumberLiquidators.csproj", "{3545B448-D2D1-4CCE-9E89-411C5FCD7146}"
EndProject
Global
	GlobalSection(SolutionConfigurationPlatforms) = preSolution
		Debug|Any CPU = Debug|Any CPU
		Release|Any CPU = Release|Any CPU
	EndGlobalSection
	GlobalSection(ProjectConfigurationPlatforms) = postSolution
		{3545B448-D2D1-4CCE-9E89-411C5FCD7146}.Debug|Any CPU.ActiveCfg = Debug|Any CPU
		{3545B448-D2D1-4CCE-9E89-411C5FCD7146}.Debug|Any CPU.Build.0 = Debug|Any CPU
		{3545B448-D2D1-4CCE-9E89-411C5FCD7146}.Release|Any CPU.ActiveCfg = Release|Any CPU
		{3545B448-D2D1-4CCE-9E89-411C5FCD7146}.Release|Any CPU.Build.0 = Release|Any CPU
	EndGlobalSection
	GlobalSection(SolutionProperties) = preSolution
		HideSolutionNode = FALSE
	EndGlobalSection
	GlobalSection(ExtensibilityGlobals) = postSolution
		SolutionGuid = {EE76D729-039A-42E4-AF3D-E8F2CAB672B8}
	EndGlobalSection
EndGlobal
